
Microsoft Visual Studio Solution File, Format Version 12.00
# Visual Studio Version 16
VisualStudioVersion = 16.0.30204.135
MinimumVisualStudioVersion = 10.0.40219.1
Project("{FAE04EC0-301F-11D3-BF4B-00C04F79EFBC}") = "HeapSort", "HeapSort\HeapSort.csproj", "{FEF85FD1-C717-4A1C-A179-8EAB4BEA7F48}"
EndProject
Global
	GlobalSection(SolutionConfigurationPlatforms) = preSolution
		Debug|Any CPU = Debug|Any CPU
		Release|Any CPU = Release|Any CPU
	EndGlobalSection
	GlobalSection(ProjectConfigurationPlatforms) = postSolution
		{FEF85FD1-C717-4A1C-A179-8EAB4BEA7F48}.Debug|Any CPU.ActiveCfg = Debug|Any CPU
		{FEF85FD1-C717-4A1C-A179-8EAB4BEA7F48}.Debug|Any CPU.Build.0 = Debug|Any CPU
		{FEF85FD1-C717-4A1C-A179-8EAB4BEA7F48}.Release|Any CPU.ActiveCfg = Release|Any CPU
		{FEF85FD1-C717-4A1C-A179-8EAB4BEA7F48}.Release|Any CPU.Build.0 = Release|Any CPU
	EndGlobalSection
	GlobalSection(SolutionProperties) = preSolution
		HideSolutionNode = FALSE
	EndGlobalSection
	GlobalSection(ExtensibilityGlobals) = postSolution
		SolutionGuid = {11E12563-C5D4-4793-AE91-72D39DEB27F0}
	EndGlobalSection
EndGlobal
